{
  "name": "filetree",
  "version": "15.0.0",
  "lockfileVersion": 1,
  "requires": true,
  "dependencies": {
    "accepts": {
      "version": "https://registry.npmjs.org/accepts/-/accepts-1.3.3.tgz",
      "integrity": "sha1-w8p0NJOGSMPg2cHjKN1otiLChMo=",
      "requires": {
        "mime-types": "https://registry.npmjs.org/mime-types/-/mime-types-2.1.13.tgz",
        "negotiator": "https://registry.npmjs.org/negotiator/-/negotiator-0.6.1.tgz"
      }
    },
    "addressparser": {
      "version": "0.3.2",
      "resolved": "https://registry.npmjs.org/addressparser/-/addressparser-0.3.2.tgz",
      "integrity": "sha1-WYc/Nej89sc2HBAjkmHXbhU0i7I="
    },
    "after": {
      "version": "https://registry.npmjs.org/after/-/after-0.8.1.tgz",
      "integrity": "sha1-q11PuIP1loFtNRX495HAr0ht1ic="
    },
    "any-promise": {
      "version": "https://registry.npmjs.org/any-promise/-/any-promise-1.3.0.tgz",
      "integrity": "sha1-q8av7tzqUugJzcA3au0845Y10X8="
    },
    "ap": {
      "version": "https://registry.npmjs.org/ap/-/ap-0.2.0.tgz",
      "integrity": "sha1-rglCYAspkS8NKxTsYMRejzMLYRA="
    },
    "arraybuffer.slice": {
      "version": "https://registry.npmjs.org/arraybuffer.slice/-/arraybuffer.slice-0.0.6.tgz",
      "integrity": "sha1-8zshWfBTKj8xB6JywMz70a0peco="
    },
    "asap": {
      "version": "https://registry.npmjs.org/asap/-/asap-2.0.5.tgz",
      "integrity": "sha1-UidltQw1EEkOUtfc/ghe+bqWlY8="
    },
    "async": {
      "version": "https://registry.npmjs.org/async/-/async-2.0.1.tgz",
      "integrity": "sha1-twnMAoCpw28J9FNr6CPIOKkEniU=",
      "requires": {
        "lodash": "https://registry.npmjs.org/lodash/-/lodash-4.17.2.tgz"
      }
    },
    "backo2": {
      "version": "https://registry.npmjs.org/backo2/-/backo2-1.0.2.tgz",
      "integrity": "sha1-MasayLEpNjRj41s+u2n038+6eUc="
    },
    "base64-arraybuffer": {
      "version": "https://registry.npmjs.org/base64-arraybuffer/-/base64-arraybuffer-0.1.5.tgz",
      "integrity": "sha1-c5JncZI7Whl0etZmqlzUv5xunOg="
    },
    "base64id": {
      "version": "https://registry.npmjs.org/base64id/-/base64id-0.1.0.tgz",
      "integrity": "sha1-As4P3u4M709ACA4ec+g08LG/zj8="
    },
    "better-assert": {
      "version": "https://registry.npmjs.org/better-assert/-/better-assert-1.0.2.tgz",
      "integrity": "sha1-QIZrnhueC1W0gYlDEeaPr/rrxSI=",
      "requires": {
        "callsite": "https://registry.npmjs.org/callsite/-/callsite-1.0.0.tgz"
      }
    },
    "blob": {
      "version": "https://registry.npmjs.org/blob/-/blob-0.0.4.tgz",
      "integrity": "sha1-vPEwUspURj8w+fx+lbmkdjCpSSE="
    },
    "buffer-writer": {
      "version": "https://registry.npmjs.org/buffer-writer/-/buffer-writer-1.0.1.tgz",
      "integrity": "sha1-Iqk2kB4wKa/NdUfrRIfOtpejvwg="
    },
    "buildmail": {
      "version": "1.3.0",
      "resolved": "https://registry.npmjs.org/buildmail/-/buildmail-1.3.0.tgz",
      "integrity": "sha1-9eS3UCYUfV6+GiTcYTEqPP9N9yU=",
      "requires": {
        "addressparser": "0.3.2",
        "hyperquest": "1.3.0",
        "libbase64": "0.1.0",
        "libmime": "1.2.0",
        "libqp": "1.1.0"
      }
    },
    "callsite": {
      "version": "https://registry.npmjs.org/callsite/-/callsite-1.0.0.tgz",
      "integrity": "sha1-KAOY5dZkvXQDi28JBRU+borxvCA="
    },
    "camp": {
      "version": "https://registry.npmjs.org/camp/-/camp-17.0.0.tgz",
      "integrity": "sha1-KEpupjCwwmpGRXVBPD2+fIcdYFc=",
      "requires": {
        "cookies": "https://registry.npmjs.org/cookies/-/cookies-0.5.1.tgz",
        "fleau": "https://registry.npmjs.org/fleau/-/fleau-16.2.0.tgz",
        "formidable": "https://registry.npmjs.org/formidable/-/formidable-1.0.17.tgz",
        "multilog": "https://registry.npmjs.org/multilog/-/multilog-14.11.22.tgz",
        "socket.io": "https://registry.npmjs.org/socket.io/-/socket.io-1.7.1.tgz",
        "ws": "0.4.32"
      },
      "dependencies": {
        "ws": {
          "version": "0.4.32",
          "resolved": "https://registry.npmjs.org/ws/-/ws-0.4.32.tgz",
          "integrity": "sha1-eHphVEFPPJntg8V3IVOyD+sM7DI=",
          "requires": {
            "commander": "2.1.0",
            "nan": "1.0.0",
            "options": "https://registry.npmjs.org/options/-/options-0.0.6.tgz",
            "tinycolor": "0.0.1"
          }
        }
      }
    },
    "canop": {
      "version": "0.2.3",
      "resolved": "https://registry.npmjs.org/canop/-/canop-0.2.3.tgz",
      "integrity": "sha512-/tn1SAmmiAC+bBNtkwEdfHPDyDV4SBvlRbsRTzO2TVRP4gWQDBlHWD1/XPnOoeW9XWJ73vxwW3r/G3MSrL//ow=="
    },
    "clone": {
      "version": "1.0.2",
      "resolved": "https://registry.npmjs.org/clone/-/clone-1.0.2.tgz",
      "integrity": "sha1-Jgt6meux7f4kdTgXX3gyQ8sZ0Uk="
    },
    "commander": {
      "version": "2.1.0",
      "resolved": "https://registry.npmjs.org/commander/-/commander-2.1.0.tgz",
      "integrity": "sha1-0SG7roYNmZKj1Re6lvVliOR8Z4E="
    },
    "component-bind": {
      "version": "https://registry.npmjs.org/component-bind/-/component-bind-1.0.0.tgz",
      "integrity": "sha1-AMYIq33Nk4l8AAllGx06jh5zu9E="
    },
    "component-emitter": {
      "version": "https://registry.npmjs.org/component-emitter/-/component-emitter-1.1.2.tgz",
      "integrity": "sha1-KWWU8nU9qmOZbSrwjRWpURbJrsM="
    },
    "component-inherit": {
      "version": "https://registry.npmjs.org/component-inherit/-/component-inherit-0.0.3.tgz",
      "integrity": "sha1-ZF/ErfWLcrZJ1crmUTVhnbJv8UM="
    },
    "cookie": {
      "version": "https://registry.npmjs.org/cookie/-/cookie-0.3.1.tgz",
      "integrity": "sha1-5+Ch+e9DtMi6klxcWpboBtFoc7s="
    },
    "cookies": {
      "version": "https://registry.npmjs.org/cookies/-/cookies-0.5.1.tgz",
      "integrity": "sha1-JWDDBP6PjL0ALgi5WZ0udHnTcpg=",
      "requires": {
        "keygrip": "https://registry.npmjs.org/keygrip/-/keygrip-1.0.1.tgz"
      }
    },
    "core-util-is": {
      "version": "1.0.2",
      "resolved": "https://registry.npmjs.org/core-util-is/-/core-util-is-1.0.2.tgz",
      "integrity": "sha1-tf1UIgqivFq1eqtxQMlAdUUDwac="
    },
    "debug": {
      "version": "https://registry.npmjs.org/debug/-/debug-2.3.3.tgz",
      "integrity": "sha1-QMRT5n5uE8kB3ewxeviYbNqe/4w=",
      "requires": {
        "ms": "https://registry.npmjs.org/ms/-/ms-0.7.2.tgz"
      }
    },
    "duplexer2": {
      "version": "0.0.2",
      "resolved": "https://registry.npmjs.org/duplexer2/-/duplexer2-0.0.2.tgz",
      "integrity": "sha1-xhTc9n4vsUmVqRcR5aYX6KYKMds=",
      "requires": {
        "readable-stream": "1.1.14"
      }
    },
    "email-login": {
      "version": "1.2.0",
      "resolved": "https://registry.npmjs.org/email-login/-/email-login-1.2.0.tgz",
      "integrity": "sha512-5B1PgUaq+dpIHDeDxnCDpNSfJFdACC4IDfFYXIOfqLRVQiMTxjjaGR82sYWgMdsg5STFmTY+hIVITOctcAI/Pw==",
      "requires": {
        "fsos": "1.1.3",
        "nodemailer": "1.3.4",
        "promise": "7.1.1"
      },
      "dependencies": {
        "fsos": {
          "version": "1.1.3",
          "resolved": "https://registry.npmjs.org/fsos/-/fsos-1.1.3.tgz",
          "integrity": "sha512-yTDF/deE+MNP6f6xhHMpuARtcGgCTOe2N2GJCZ60uBvggyX2Vdxpdt+4au7XNnuUvhDtDHUOuDwxUKrwLkocgw==",
          "requires": {
            "mkdirp": "https://registry.npmjs.org/mkdirp/-/mkdirp-0.5.1.tgz",
            "promise": "7.0.4"
          },
          "dependencies": {
            "promise": {
              "version": "7.0.4",
              "resolved": "https://registry.npmjs.org/promise/-/promise-7.0.4.tgz",
              "integrity": "sha1-Nj6EpMNsg1a4kP7WLJHOhdAu1Tk=",
              "requires": {
                "asap": "https://registry.npmjs.org/asap/-/asap-2.0.5.tgz"
              }
            }
          }
        },
        "promise": {
          "version": "7.1.1",
          "resolved": "https://registry.npmjs.org/promise/-/promise-7.1.1.tgz",
          "integrity": "sha1-SJZUxpJha4qlWwck+oCbt9tJxb8=",
          "requires": {
            "asap": "https://registry.npmjs.org/asap/-/asap-2.0.5.tgz"
          }
        }
      }
    },
    "engine.io": {
      "version": "https://registry.npmjs.org/engine.io/-/engine.io-1.8.1.tgz",
      "integrity": "sha1-IAZuqQMwTxPuN/EPqv9rR4T2Q3M=",
      "requires": {
        "accepts": "https://registry.npmjs.org/accepts/-/accepts-1.3.3.tgz",
        "base64id": "https://registry.npmjs.org/base64id/-/base64id-0.1.0.tgz",
        "cookie": "https://registry.npmjs.org/cookie/-/cookie-0.3.1.tgz",
        "debug": "https://registry.npmjs.org/debug/-/debug-2.3.3.tgz",
        "engine.io-parser": "https://registry.npmjs.org/engine.io-parser/-/engine.io-parser-1.3.1.tgz",
        "ws": "https://registry.npmjs.org/ws/-/ws-1.1.1.tgz"
      },
      "dependencies": {
        "ws": {
          "version": "https://registry.npmjs.org/ws/-/ws-1.1.1.tgz",
          "integrity": "sha1-CC3bbGQehdS7RR8D1S8G6r2x8Bg=",
          "requires": {
            "options": "https://registry.npmjs.org/options/-/options-0.0.6.tgz",
            "ultron": "https://registry.npmjs.org/ultron/-/ultron-1.0.2.tgz"
          }
        }
      }
    },
    "engine.io-client": {
      "version": "https://registry.npmjs.org/engine.io-client/-/engine.io-client-1.8.1.tgz",
      "integrity": "sha1-cSN+m7zgSGJnXU1r++81HItqNaM=",
      "requires": {
        "component-emitter": "https://registry.npmjs.org/component-emitter/-/component-emitter-1.2.1.tgz",
        "component-inherit": "https://registry.npmjs.org/component-inherit/-/component-inherit-0.0.3.tgz",
        "debug": "https://registry.npmjs.org/debug/-/debug-2.3.3.tgz",
        "engine.io-parser": "https://registry.npmjs.org/engine.io-parser/-/engine.io-parser-1.3.1.tgz",
        "has-cors": "https://registry.npmjs.org/has-cors/-/has-cors-1.1.0.tgz",
        "indexof": "https://registry.npmjs.org/indexof/-/indexof-0.0.1.tgz",
        "parsejson": "https://registry.npmjs.org/parsejson/-/parsejson-0.0.3.tgz",
        "parseqs": "https://registry.npmjs.org/parseqs/-/parseqs-0.0.5.tgz",
        "parseuri": "https://registry.npmjs.org/parseuri/-/parseuri-0.0.5.tgz",
        "ws": "https://registry.npmjs.org/ws/-/ws-1.1.1.tgz",
        "xmlhttprequest-ssl": "https://registry.npmjs.org/xmlhttprequest-ssl/-/xmlhttprequest-ssl-1.5.3.tgz",
        "yeast": "https://registry.npmjs.org/yeast/-/yeast-0.1.2.tgz"
      },
      "dependencies": {
        "component-emitter": {
          "version": "https://registry.npmjs.org/component-emitter/-/component-emitter-1.2.1.tgz",
          "integrity": "sha1-E3kY1teCg/ffemt8WmPhQOaUJeY="
        },
        "ws": {
          "version": "https://registry.npmjs.org/ws/-/ws-1.1.1.tgz",
          "integrity": "sha1-CC3bbGQehdS7RR8D1S8G6r2x8Bg=",
          "requires": {
            "options": "https://registry.npmjs.org/options/-/options-0.0.6.tgz",
            "ultron": "https://registry.npmjs.org/ultron/-/ultron-1.0.2.tgz"
          }
        }
      }
    },
    "engine.io-parser": {
      "version": "https://registry.npmjs.org/engine.io-parser/-/engine.io-parser-1.3.1.tgz",
      "integrity": "sha1-lVTxrjMQfW+9FwylRm0vgz9qB88=",
      "requires": {
        "after": "https://registry.npmjs.org/after/-/after-0.8.1.tgz",
        "arraybuffer.slice": "https://registry.npmjs.org/arraybuffer.slice/-/arraybuffer.slice-0.0.6.tgz",
        "base64-arraybuffer": "https://registry.npmjs.org/base64-arraybuffer/-/base64-arraybuffer-0.1.5.tgz",
        "blob": "https://registry.npmjs.org/blob/-/blob-0.0.4.tgz",
        "has-binary": "https://registry.npmjs.org/has-binary/-/has-binary-0.1.6.tgz",
        "wtf-8": "https://registry.npmjs.org/wtf-8/-/wtf-8-1.0.0.tgz"
      },
      "dependencies": {
        "has-binary": {
          "version": "https://registry.npmjs.org/has-binary/-/has-binary-0.1.6.tgz",
          "integrity": "sha1-JTJvOc+k9hath4eJTjryz7x7bhA=",
          "requires": {
            "isarray": "https://registry.npmjs.org/isarray/-/isarray-0.0.1.tgz"
          }
        }
      }
    },
    "fleau": {
      "version": "https://registry.npmjs.org/fleau/-/fleau-16.2.0.tgz",
      "integrity": "sha1-ruZ14mI37qfkNGH69MYadIe9MkM="
    },
    "formidable": {
      "version": "https://registry.npmjs.org/formidable/-/formidable-1.0.17.tgz",
      "integrity": "sha1-71SRSQ+UM7cF+qdyScmQKa40hVk="
    },
    "fsos": {
      "version": "https://registry.npmjs.org/fsos/-/fsos-1.1.0.tgz",
      "integrity": "sha1-3H5t7KzV2DUeCXbGQRaPDDtlMbk=",
      "requires": {
        "mkdirp-then": "https://registry.npmjs.org/mkdirp-then/-/mkdirp-then-1.2.0.tgz",
        "promise": "https://registry.npmjs.org/promise/-/promise-7.0.4.tgz"
      }
    },
    "generic-pool": {
      "version": "https://registry.npmjs.org/generic-pool/-/generic-pool-2.4.3.tgz",
      "integrity": "sha1-eAw29p360FpaBF3Te+etyhGk9v8="
    },
    "has-binary": {
      "version": "https://registry.npmjs.org/has-binary/-/has-binary-0.1.7.tgz",
      "integrity": "sha1-aOYesWIQyVRaClzOBqhzkS/h5ow=",
      "requires": {
        "isarray": "https://registry.npmjs.org/isarray/-/isarray-0.0.1.tgz"
      }
    },
    "has-cors": {
      "version": "https://registry.npmjs.org/has-cors/-/has-cors-1.1.0.tgz",
      "integrity": "sha1-XkdHk/fqmEPRu5nCPu9J/xJv/zk="
    },
    "hyperquest": {
      "version": "1.3.0",
      "resolved": "https://registry.npmjs.org/hyperquest/-/hyperquest-1.3.0.tgz",
      "integrity": "sha1-59WYAwo/wCKbYXJXg7ZBssbxeCo=",
      "requires": {
        "duplexer2": "0.0.2",
        "through2": "0.6.5"
      }
    },
    "iconv": {
      "version": "https://registry.npmjs.org/iconv/-/iconv-2.2.1.tgz",
      "integrity": "sha1-ObE/3ZiYfSau8mwKLyqQCRH6RYQ=",
      "optional": true,
      "requires": {
        "nan": "https://registry.npmjs.org/nan/-/nan-2.4.0.tgz"
      },
      "dependencies": {
        "nan": {
          "version": "https://registry.npmjs.org/nan/-/nan-2.4.0.tgz",
          "integrity": "sha1-+zxZ1F/k7/4hXwuJD4rfbrMtIjI=",
          "optional": true
        }
      }
    },
    "iconv-lite": {
      "version": "0.4.18",
      "resolved": "https://registry.npmjs.org/iconv-lite/-/iconv-lite-0.4.18.tgz",
      "integrity": "sha512-sr1ZQph3UwHTR0XftSbK85OvBbxe/abLGzEnPENCQwmHf7sck8Oyu4ob3LgBxWWxRoM+QszeUyl7jbqapu2TqA=="
    },
    "indexof": {
      "version": "https://registry.npmjs.org/indexof/-/indexof-0.0.1.tgz",
      "integrity": "sha1-gtwzbSMrkGIXnQWrMpOmYFn9Q10="
    },
    "inherits": {
      "version": "2.0.3",
      "resolved": "https://registry.npmjs.org/inherits/-/inherits-2.0.3.tgz",
      "integrity": "sha1-Yzwsg+PaQqUC9SRmAiSA9CCCYd4="
    },
    "irc": {
      "version": "https://registry.npmjs.org/irc/-/irc-0.5.2.tgz",
      "integrity": "sha1-NxT0doNlqW0LL3dryRFmvrJGS7w=",
      "requires": {
        "iconv": "https://registry.npmjs.org/iconv/-/iconv-2.2.1.tgz",
        "irc-colors": "https://registry.npmjs.org/irc-colors/-/irc-colors-1.3.1.tgz",
        "node-icu-charset-detector": "https://registry.npmjs.org/node-icu-charset-detector/-/node-icu-charset-detector-0.2.0.tgz"
      }
    },
    "irc-colors": {
      "version": "https://registry.npmjs.org/irc-colors/-/irc-colors-1.3.1.tgz",
      "integrity": "sha1-pvzO5dns3AEMKxzeP73/H3E0r/Y="
    },
    "isarray": {
      "version": "https://registry.npmjs.org/isarray/-/isarray-0.0.1.tgz",
      "integrity": "sha1-ihis/Kmo9Bd+Cav8YDiTmwXR7t8="
    },
    "json3": {
      "version": "https://registry.npmjs.org/json3/-/json3-3.3.2.tgz",
      "integrity": "sha1-PAQ0dD35Pi9cQq7nsZvLSDV19OE="
    },
    "keygrip": {
      "version": "https://registry.npmjs.org/keygrip/-/keygrip-1.0.1.tgz",
      "integrity": "sha1-sC+kgW7vIajEs1yp5Skh/8iaMOk="
    },
    "libbase64": {
      "version": "0.1.0",
      "resolved": "https://registry.npmjs.org/libbase64/-/libbase64-0.1.0.tgz",
      "integrity": "sha1-YjUag5VjrF/1vSbxL2Dpgwu3UeY="
    },
    "libmime": {
      "version": "1.2.0",
      "resolved": "https://registry.npmjs.org/libmime/-/libmime-1.2.0.tgz",
      "integrity": "sha1-jYS087Ils3BEECNu9JSQZDa6dCs=",
      "requires": {
        "iconv-lite": "0.4.18",
        "libbase64": "0.1.0",
        "libqp": "1.1.0"
      }
    },
    "libqp": {
      "version": "1.1.0",
      "resolved": "https://registry.npmjs.org/libqp/-/libqp-1.1.0.tgz",
      "integrity": "sha1-9ebgatdLeU+1tbZpiL9yjvHe2+g="
    },
    "lodash": {
      "version": "https://registry.npmjs.org/lodash/-/lodash-4.17.2.tgz",
      "integrity": "sha1-NKMFW6vgTOQkZ7YH1wAHLH/2v0I="
    },
    "mime-db": {
      "version": "https://registry.npmjs.org/mime-db/-/mime-db-1.25.0.tgz",
      "integrity": "sha1-wY29fHOl2/b0SgJNwNFloeexw5I="
    },
    "mime-types": {
      "version": "https://registry.npmjs.org/mime-types/-/mime-types-2.1.13.tgz",
      "integrity": "sha1-4HqqnGxrmnyjASxpADrSWjnpKog=",
      "requires": {
        "mime-db": "https://registry.npmjs.org/mime-db/-/mime-db-1.25.0.tgz"
      }
    },
    "minimist": {
      "version": "https://registry.npmjs.org/minimist/-/minimist-0.0.8.tgz",
      "integrity": "sha1-hX/Kv8M5fSYluCKCYuhqp6ARsF0="
    },
    "mkdirp": {
      "version": "https://registry.npmjs.org/mkdirp/-/mkdirp-0.5.1.tgz",
      "integrity": "sha1-MAV0OOrGz3+MR2fzhkjWaX11yQM=",
      "requires": {
        "minimist": "https://registry.npmjs.org/minimist/-/minimist-0.0.8.tgz"
      }
    },
    "mkdirp-then": {
      "version": "https://registry.npmjs.org/mkdirp-then/-/mkdirp-then-1.2.0.tgz",
      "integrity": "sha1-pJLIecpNhz9e5FAI+PVf0BUN48U=",
      "requires": {
        "any-promise": "https://registry.npmjs.org/any-promise/-/any-promise-1.3.0.tgz",
        "mkdirp": "https://registry.npmjs.org/mkdirp/-/mkdirp-0.5.1.tgz"
      }
    },
    "ms": {
      "version": "https://registry.npmjs.org/ms/-/ms-0.7.2.tgz",
      "integrity": "sha1-riXPJRKziFodldfwN4aNhDESR2U="
    },
    "multilog": {
      "version": "https://registry.npmjs.org/multilog/-/multilog-14.11.22.tgz",
      "integrity": "sha1-w/AQjQnR/bNBDq8eGT5SkI4jpDM="
    },
    "nan": {
      "version": "1.0.0",
      "resolved": "https://registry.npmjs.org/nan/-/nan-1.0.0.tgz",
      "integrity": "sha1-riT4hQgY1mL8q1rPfzuVv6oszzg="
    },
    "negotiator": {
      "version": "https://registry.npmjs.org/negotiator/-/negotiator-0.6.1.tgz",
      "integrity": "sha1-KzJxhOiZIQEXeyhWP7XnECrNDKk="
    },
    "node-icu-charset-detector": {
      "version": "https://registry.npmjs.org/node-icu-charset-detector/-/node-icu-charset-detector-0.2.0.tgz",
      "integrity": "sha1-wjINo3Tdy2cfxUy0oOBB4Vb/1jk=",
      "optional": true,
      "requires": {
        "nan": "https://registry.npmjs.org/nan/-/nan-2.4.0.tgz"
      },
      "dependencies": {
        "nan": {
          "version": "https://registry.npmjs.org/nan/-/nan-2.4.0.tgz",
          "integrity": "sha1-+zxZ1F/k7/4hXwuJD4rfbrMtIjI=",
          "optional": true
        }
      }
    },
    "nodemailer": {
      "version": "1.3.4",
      "resolved": "https://registry.npmjs.org/nodemailer/-/nodemailer-1.3.4.tgz",
      "integrity": "sha1-nlyindyf14WE5e1G3cSGOFvkOuM=",
      "requires": {
        "buildmail": "1.3.0",
        "hyperquest": "1.3.0",
        "libmime": "1.2.0",
        "nodemailer-direct-transport": "1.1.0",
        "nodemailer-smtp-transport": "1.1.0"
      }
    },
    "nodemailer-direct-transport": {
      "version": "1.1.0",
      "resolved": "https://registry.npmjs.org/nodemailer-direct-transport/-/nodemailer-direct-transport-1.1.0.tgz",
      "integrity": "sha1-oveHCO5vFuoFc/yClJ0Tj/Fy9iQ=",
      "requires": {
        "smtp-connection": "1.3.8"
      }
    },
    "nodemailer-smtp-transport": {
      "version": "1.1.0",
      "resolved": "https://registry.npmjs.org/nodemailer-smtp-transport/-/nodemailer-smtp-transport-1.1.0.tgz",
      "integrity": "sha1-5sN/MYhaswgOfe089SjErX5pE5g=",
      "requires": {
        "clone": "1.0.2",
        "nodemailer-wellknown": "0.1.10",
        "smtp-connection": "1.3.8"
      }
    },
    "nodemailer-wellknown": {
      "version": "0.1.10",
      "resolved": "https://registry.npmjs.org/nodemailer-wellknown/-/nodemailer-wellknown-0.1.10.tgz",
      "integrity": "sha1-WG24EB2zDLRDjrVGc3pBqtDPE9U="
    },
    "object-assign": {
      "version": "https://registry.npmjs.org/object-assign/-/object-assign-4.1.0.tgz",
      "integrity": "sha1-ejs9DpgGPUP0wD8uiubNUahog6A="
    },
    "object-component": {
      "version": "https://registry.npmjs.org/object-component/-/object-component-0.0.3.tgz",
      "integrity": "sha1-8MaapQ78lbhmwYb0AKM3acsvEpE="
    },
    "options": {
      "version": "https://registry.npmjs.org/options/-/options-0.0.6.tgz",
      "integrity": "sha1-7CLTEoBrtT5zF3Pnza788cZDEo8="
    },
    "packet-reader": {
      "version": "https://registry.npmjs.org/packet-reader/-/packet-reader-0.3.1.tgz",
      "integrity": "sha1-zWLmCvjX/qinBexP+ZCHHEaHHyc="
    },
    "parsejson": {
      "version": "https://registry.npmjs.org/parsejson/-/parsejson-0.0.3.tgz",
      "integrity": "sha1-q343WfIJ7OmUN5c/fQ8fZK4OZKs=",
      "requires": {
        "better-assert": "https://registry.npmjs.org/better-assert/-/better-assert-1.0.2.tgz"
      }
    },
    "parseqs": {
      "version": "https://registry.npmjs.org/parseqs/-/parseqs-0.0.5.tgz",
      "integrity": "sha1-1SCKNzjkZ2bikbouoXNoSSGouJ0=",
      "requires": {
        "better-assert": "https://registry.npmjs.org/better-assert/-/better-assert-1.0.2.tgz"
      }
    },
    "parseuri": {
      "version": "https://registry.npmjs.org/parseuri/-/parseuri-0.0.5.tgz",
      "integrity": "sha1-gCBKUNTbt3m/3G6+J3jZDkvOMgo=",
      "requires": {
        "better-assert": "https://registry.npmjs.org/better-assert/-/better-assert-1.0.2.tgz"
      }
    },
    "pg": {
      "version": "https://registry.npmjs.org/pg/-/pg-6.2.3.tgz",
      "integrity": "sha1-iYi3xpoYdamX1zuSA2xCWQtfgCQ=",
      "requires": {
        "buffer-writer": "https://registry.npmjs.org/buffer-writer/-/buffer-writer-1.0.1.tgz",
        "packet-reader": "https://registry.npmjs.org/packet-reader/-/packet-reader-0.3.1.tgz",
        "pg-connection-string": "https://registry.npmjs.org/pg-connection-string/-/pg-connection-string-0.1.3.tgz",
        "pg-pool": "https://registry.npmjs.org/pg-pool/-/pg-pool-1.7.1.tgz",
        "pg-types": "https://registry.npmjs.org/pg-types/-/pg-types-1.12.0.tgz",
        "pgpass": "https://registry.npmjs.org/pgpass/-/pgpass-1.0.2.tgz",
        "semver": "https://registry.npmjs.org/semver/-/semver-4.3.2.tgz"
      }
    },
    "pg-connection-string": {
      "version": "https://registry.npmjs.org/pg-connection-string/-/pg-connection-string-0.1.3.tgz",
      "integrity": "sha1-2hhHsglA5C7hSSvq9l1J2RskXfc="
    },
    "pg-pool": {
      "version": "https://registry.npmjs.org/pg-pool/-/pg-pool-1.7.1.tgz",
      "integrity": "sha1-QhEFy3Rpl53MSNb8T+P+RllDdDc=",
      "requires": {
        "generic-pool": "https://registry.npmjs.org/generic-pool/-/generic-pool-2.4.3.tgz",
        "object-assign": "https://registry.npmjs.org/object-assign/-/object-assign-4.1.0.tgz"
      }
    },
    "pg-types": {
      "version": "https://registry.npmjs.org/pg-types/-/pg-types-1.12.0.tgz",
      "integrity": "sha1-itO3uJfj/UY+Yt4kGtX8ZAtKZvA=",
      "requires": {
        "ap": "https://registry.npmjs.org/ap/-/ap-0.2.0.tgz",
        "postgres-array": "https://registry.npmjs.org/postgres-array/-/postgres-array-1.0.2.tgz",
        "postgres-bytea": "https://registry.npmjs.org/postgres-bytea/-/postgres-bytea-1.0.0.tgz",
        "postgres-date": "https://registry.npmjs.org/postgres-date/-/postgres-date-1.0.3.tgz",
        "postgres-interval": "https://registry.npmjs.org/postgres-interval/-/postgres-interval-1.1.0.tgz"
      }
    },
    "pgpass": {
      "version": "https://registry.npmjs.org/pgpass/-/pgpass-1.0.2.tgz",
      "integrity": "sha1-Knu0G2BltnkH6R2hsHwYR8h3swY=",
      "requires": {
        "split": "https://registry.npmjs.org/split/-/split-1.0.0.tgz"
      }
    },
    "postgres-array": {
      "version": "https://registry.npmjs.org/postgres-array/-/postgres-array-1.0.2.tgz",
      "integrity": "sha1-jgsy6wO/d6XAp4UeBEHBaaJWojg="
    },
    "postgres-bytea": {
      "version": "https://registry.npmjs.org/postgres-bytea/-/postgres-bytea-1.0.0.tgz",
      "integrity": "sha1-AntTPAqokOJtFy1Hz5zOzFIazTU="
    },
    "postgres-date": {
      "version": "https://registry.npmjs.org/postgres-date/-/postgres-date-1.0.3.tgz",
      "integrity": "sha1-4tiXAu/bJY/52c7g/pG9BpdSV6g="
    },
    "postgres-interval": {
      "version": "https://registry.npmjs.org/postgres-interval/-/postgres-interval-1.1.0.tgz",
      "integrity": "sha1-EDHnusNFZBMoYq3J62xtLzqnW7Q=",
      "requires": {
        "xtend": "https://registry.npmjs.org/xtend/-/xtend-4.0.1.tgz"
      }
    },
    "promise": {
      "version": "https://registry.npmjs.org/promise/-/promise-7.0.4.tgz",
      "integrity": "sha1-Nj6EpMNsg1a4kP7WLJHOhdAu1Tk=",
      "requires": {
        "asap": "https://registry.npmjs.org/asap/-/asap-2.0.5.tgz"
      }
    },
    "readable-stream": {
      "version": "1.1.14",
      "resolved": "https://registry.npmjs.org/readable-stream/-/readable-stream-1.1.14.tgz",
      "integrity": "sha1-fPTFTvZI44EwhMY23SB54WbAgdk=",
      "requires": {
        "core-util-is": "1.0.2",
        "inherits": "2.0.3",
        "isarray": "https://registry.npmjs.org/isarray/-/isarray-0.0.1.tgz",
        "string_decoder": "0.10.31"
      }
    },
    "safe-buffer": {
      "version": "5.0.1",
      "resolved": "https://registry.npmjs.org/safe-buffer/-/safe-buffer-5.0.1.tgz",
      "integrity": "sha1-0mPKVGls2KMGtcplUekt5XkY++c="
    },
    "semver": {
      "version": "https://registry.npmjs.org/semver/-/semver-4.3.2.tgz",
      "integrity": "sha1-x6BxWKgL7dBSNVt3DYLWZA+AO+c="
    },
    "smtp-connection": {
      "version": "1.3.8",
      "resolved": "https://registry.npmjs.org/smtp-connection/-/smtp-connection-1.3.8.tgz",
      "integrity": "sha1-VYMsIWDPswhuHc2H/RwZ+mG39TY="
    },
    "socket.io": {
      "version": "https://registry.npmjs.org/socket.io/-/socket.io-1.7.1.tgz",
      "integrity": "sha1-o012P9Is2XVkPC8MfF8Uum2oCq8=",
      "requires": {
        "debug": "https://registry.npmjs.org/debug/-/debug-2.3.3.tgz",
        "engine.io": "https://registry.npmjs.org/engine.io/-/engine.io-1.8.1.tgz",
        "has-binary": "https://registry.npmjs.org/has-binary/-/has-binary-0.1.7.tgz",
        "object-assign": "https://registry.npmjs.org/object-assign/-/object-assign-4.1.0.tgz",
        "socket.io-adapter": "https://registry.npmjs.org/socket.io-adapter/-/socket.io-adapter-0.5.0.tgz",
        "socket.io-client": "https://registry.npmjs.org/socket.io-client/-/socket.io-client-1.7.1.tgz",
        "socket.io-parser": "https://registry.npmjs.org/socket.io-parser/-/socket.io-parser-2.3.1.tgz"
      }
    },
    "socket.io-adapter": {
      "version": "https://registry.npmjs.org/socket.io-adapter/-/socket.io-adapter-0.5.0.tgz",
      "integrity": "sha1-y21LuL7IHhB4uZZ3+c7QBGBmu4s=",
      "requires": {
        "debug": "https://registry.npmjs.org/debug/-/debug-2.3.3.tgz",
        "socket.io-parser": "https://registry.npmjs.org/socket.io-parser/-/socket.io-parser-2.3.1.tgz"
      }
    },
    "socket.io-client": {
      "version": "https://registry.npmjs.org/socket.io-client/-/socket.io-client-1.7.1.tgz",
      "integrity": "sha1-bCNyXt/4BPORnBzk67JeWRxuYdc=",
      "requires": {
        "backo2": "https://registry.npmjs.org/backo2/-/backo2-1.0.2.tgz",
        "component-bind": "https://registry.npmjs.org/component-bind/-/component-bind-1.0.0.tgz",
        "component-emitter": "https://registry.npmjs.org/component-emitter/-/component-emitter-1.2.1.tgz",
        "debug": "https://registry.npmjs.org/debug/-/debug-2.3.3.tgz",
        "engine.io-client": "https://registry.npmjs.org/engine.io-client/-/engine.io-client-1.8.1.tgz",
        "has-binary": "https://registry.npmjs.org/has-binary/-/has-binary-0.1.7.tgz",
        "indexof": "https://registry.npmjs.org/indexof/-/indexof-0.0.1.tgz",
        "object-component": "https://registry.npmjs.org/object-component/-/object-component-0.0.3.tgz",
        "parseuri": "https://registry.npmjs.org/parseuri/-/parseuri-0.0.5.tgz",
        "socket.io-parser": "https://registry.npmjs.org/socket.io-parser/-/socket.io-parser-2.3.1.tgz",
        "to-array": "https://registry.npmjs.org/to-array/-/to-array-0.1.4.tgz"
      },
      "dependencies": {
        "component-emitter": {
          "version": "https://registry.npmjs.org/component-emitter/-/component-emitter-1.2.1.tgz",
          "integrity": "sha1-E3kY1teCg/ffemt8WmPhQOaUJeY="
        }
      }
    },
    "socket.io-parser": {
      "version": "https://registry.npmjs.org/socket.io-parser/-/socket.io-parser-2.3.1.tgz",
      "integrity": "sha1-3VMgJRA85Clpcya+/WQAX8/ltKA=",
      "requires": {
        "component-emitter": "https://registry.npmjs.org/component-emitter/-/component-emitter-1.1.2.tgz",
        "debug": "https://registry.npmjs.org/debug/-/debug-2.2.0.tgz",
        "isarray": "https://registry.npmjs.org/isarray/-/isarray-0.0.1.tgz",
        "json3": "https://registry.npmjs.org/json3/-/json3-3.3.2.tgz"
      },
      "dependencies": {
        "debug": {
          "version": "https://registry.npmjs.org/debug/-/debug-2.2.0.tgz",
          "integrity": "sha1-+HBX6ZWxofauaklgZkE3vFbwOdo=",
          "requires": {
            "ms": "https://registry.npmjs.org/ms/-/ms-0.7.1.tgz"
          }
        },
        "ms": {
          "version": "https://registry.npmjs.org/ms/-/ms-0.7.1.tgz",
          "integrity": "sha1-nNE8A62/8ltl7/3nzoZO6VIBcJg="
        }
      }
    },
    "split": {
      "version": "https://registry.npmjs.org/split/-/split-1.0.0.tgz",
      "integrity": "sha1-xDlc5oOrzSVLwo/h2rtuXCfc/64=",
      "requires": {
        "through": "https://registry.npmjs.org/through/-/through-2.3.8.tgz"
      }
    },
    "string_decoder": {
      "version": "0.10.31",
      "resolved": "https://registry.npmjs.org/string_decoder/-/string_decoder-0.10.31.tgz",
      "integrity": "sha1-YuIDvEF2bGwoyfyEMB2rHFMQ+pQ="
    },
    "through": {
      "version": "https://registry.npmjs.org/through/-/through-2.3.8.tgz",
      "integrity": "sha1-DdTJ/6q8NXlgsbckEV1+Doai4fU="
    },
    "through2": {
      "version": "0.6.5",
      "resolved": "https://registry.npmjs.org/through2/-/through2-0.6.5.tgz",
      "integrity": "sha1-QaucZ7KdVyCQcUEOHXp6lozTrUg=",
      "requires": {
        "readable-stream": "1.0.34",
        "xtend": "https://registry.npmjs.org/xtend/-/xtend-4.0.1.tgz"
      },
      "dependencies": {
        "readable-stream": {
          "version": "1.0.34",
          "resolved": "https://registry.npmjs.org/readable-stream/-/readable-stream-1.0.34.tgz",
          "integrity": "sha1-Elgg40vIQtLyqq+v5MKRbuMsFXw=",
          "requires": {
            "core-util-is": "1.0.2",
            "inherits": "2.0.3",
            "isarray": "https://registry.npmjs.org/isarray/-/isarray-0.0.1.tgz",
            "string_decoder": "0.10.31"
          }
        }
      }
    },
    "tinycolor": {
      "version": "0.0.1",
      "resolved": "https://registry.npmjs.org/tinycolor/-/tinycolor-0.0.1.tgz",
      "integrity": "sha1-MgtaUtg6u1l42Bo+iH1K77FaYWQ="
    },
    "to-array": {
      "version": "https://registry.npmjs.org/to-array/-/to-array-0.1.4.tgz",
      "integrity": "sha1-F+bBH3PdTz10zaek/zI46a2b+JA="
    },
    "ultron": {
      "version": "https://registry.npmjs.org/ultron/-/ultron-1.0.2.tgz",
      "integrity": "sha1-rOEWq1V80Zc4ak6I9GhTeMiy5Po="
    },
    "ws": {
      "version": "2.2.3",
      "resolved": "https://registry.npmjs.org/ws/-/ws-2.2.3.tgz",
      "integrity": "sha1-82yXGaVt/4E/RVr5EqIHgUW72UA=",
      "requires": {
        "safe-buffer": "5.0.1",
        "ultron": "1.1.0"
      },
      "dependencies": {
        "ultron": {
          "version": "1.1.0",
          "resolved": "https://registry.npmjs.org/ultron/-/ultron-1.1.0.tgz",
          "integrity": "sha1-sHoualQagV/Go0zNRTO67DB8qGQ="
        }
      }
    },
    "wtf-8": {
      "version": "https://registry.npmjs.org/wtf-8/-/wtf-8-1.0.0.tgz",
      "integrity": "sha1-OS2LotDxw00e4tYw8V0O+2jhBIo="
    },
    "xmlhttprequest-ssl": {
      "version": "https://registry.npmjs.org/xmlhttprequest-ssl/-/xmlhttprequest-ssl-1.5.3.tgz",
      "integrity": "sha1-GFqIjATspGw+QHDZn3tJ3jUomS0="
    },
    "xtend": {
      "version": "https://registry.npmjs.org/xtend/-/xtend-4.0.1.tgz",
      "integrity": "sha1-pcbVMr5lbiPbgg77lDofBJmNY68="
    },
    "yeast": {
      "version": "https://registry.npmjs.org/yeast/-/yeast-0.1.2.tgz",
      "integrity": "sha1-AI4G2AlDIMNy28L47XagymyKxBk="
    }
  }
}
